
Microsoft Visual Studio Solution File, Format Version 12.00
# Visual Studio Version 17
VisualStudioVersion = 17.5.002.0
MinimumVisualStudioVersion = 10.0.40219.1
Project("{9A19103F-16F7-4668-BE54-9A1E7A4F7556}") = "Calculadora", "Calculadora.csproj", "{E35F5A25-C94B-4FE5-BF79-1AEE8B5705B9}"
EndProject
Global
	GlobalSection(SolutionConfigurationPlatforms) = preSolution
		Debug|Any CPU = Debug|Any CPU
		Release|Any CPU = Release|Any CPU
	EndGlobalSection
	GlobalSection(ProjectConfigurationPlatforms) = postSolution
		{E35F5A25-C94B-4FE5-BF79-1AEE8B5705B9}.Debug|Any CPU.ActiveCfg = Debug|Any CPU
		{E35F5A25-C94B-4FE5-BF79-1AEE8B5705B9}.Debug|Any CPU.Build.0 = Debug|Any CPU
		{E35F5A25-C94B-4FE5-BF79-1AEE8B5705B9}.Release|Any CPU.ActiveCfg = Release|Any CPU
		{E35F5A25-C94B-4FE5-BF79-1AEE8B5705B9}.Release|Any CPU.Build.0 = Release|Any CPU
	EndGlobalSection
	GlobalSection(SolutionProperties) = preSolution
		HideSolutionNode = FALSE
	EndGlobalSection
	GlobalSection(ExtensibilityGlobals) = postSolution
		SolutionGuid = {D414CFD1-D87A-442B-9727-5E563C79AA22}
	EndGlobalSection
EndGlobal
